# THIS IS AN AUTOGENERATED FILE. DO NOT EDIT THIS FILE DIRECTLY.
# yarn lockfile v1


lodash@^4.17.21:
  version "4.17.21"
  resolved "https://registry.yarnpkg.com/lodash/-/lodash-4.17.21.tgz#679591c564c3bffaae8454cf0b3df370c3d6911c"
  integrity sha512-v2kDEe57lecTulaDIuNTPy3Ry4gLGJ6Z1O3vE1krgXZNrsQ+LFTGHVxVjcXPs17LhbZVGedAJv8XZ1tvj5FvSg==

self-custom@^1.0.0:
  version "1.0.0"
  resolved "https://registry.yarnpkg.com/self-custom/-/self-custom-1.0.0.tgz#61e0544b8dc7bfc5cbef1d1b87edf970525a8560"
  integrity sha512-w4aC9xo6KTNRRK9YO9IVRa5oBJidhdRuI7AuEb34SqSTqC5VGKv8cB154V1SVJeTR1OrycRMWMXvR7V/5ItUmQ==
  dependencies:
    user "0.0.0"

user@0.0.0:
  version "0.0.0"
  resolved "https://registry.yarnpkg.com/user/-/user-0.0.0.tgz#f27f1b23fc511f2a8efa40db55cfba123824e02a"
  integrity sha1-8n8bI/xRHyqO+kDbVc+6Ejgk4Co=
